
Microsoft Visual Studio Solution File, Format Version 12.00
# Visual Studio Version 16
VisualStudioVersion = 16.0.31229.75
MinimumVisualStudioVersion = 10.0.40219.1
Project("{2150E333-8FDC-42A3-9474-1A3956D46DE8}") = "Rainbow Saga", "Rainbow Saga", "{BA646C6F-7F21-45F1-A2CE-E95F2804F196}"
EndProject
Project("{2150E333-8FDC-42A3-9474-1A3956D46DE8}") = "Pockie Saints", "Pockie Saints", "{E1FB1B89-1695-4804-9AA8-76DF45E97E83}"
EndProject
Project("{FAE04EC0-301F-11D3-BF4B-00C04F79EFBC}") = "GameServer", "Pockie Saints Private Server\GameServer\GameServer.csproj", "{242E91C8-0D7C-4A01-8BF5-C4E1F73ED1F6}"
EndProject
Project("{2150E333-8FDC-42A3-9474-1A3956D46DE8}") = "Third Party", "Third Party", "{AE81BD17-C9D2-444F-8600-CB04B25D6495}"
EndProject
Project("{2150E333-8FDC-42A3-9474-1A3956D46DE8}") = "Libraries", "Libraries", "{0E0FDA40-A50C-416C-8CB7-D2157D54EEE5}"
EndProject
Project("{FAE04EC0-301F-11D3-BF4B-00C04F79EFBC}") = "blib", "Shared Libraries\blib\blib.csproj", "{4457F15E-E3C6-4B6A-A457-A7A8970CF9FE}"
EndProject
Project("{FAE04EC0-301F-11D3-BF4B-00C04F79EFBC}") = "protobuf-net", "Third Party\protobuf-net\protobuf-net.csproj", "{8374E4D7-2A91-48F1-9360-09B09CF27C3F}"
EndProject
Project("{FAE04EC0-301F-11D3-BF4B-00C04F79EFBC}") = "config", "Pockie Saints Private Server\config\config.csproj", "{38917167-3BDD-4EDA-9814-C32E14466ECB}"
EndProject
Project("{FAE04EC0-301F-11D3-BF4B-00C04F79EFBC}") = "Connector", "Shared Libraries\Connector\Connector.csproj", "{59C1C6C9-285A-4646-BB9A-252FDCBB8D2B}"
EndProject
Project("{FAE04EC0-301F-11D3-BF4B-00C04F79EFBC}") = "TimeZone", "Shared Libraries\TimeZone\TimeZone.csproj", "{1AB73D98-2B3C-4E44-920C-D960116C34EC}"
EndProject
Project("{FAE04EC0-301F-11D3-BF4B-00C04F79EFBC}") = "gateway", "Pockie Saints Private Server\GatewayServer\gateway.csproj", "{CAAB0E2B-8D88-48A3-B7F4-61B96A8695B3}"
EndProject
Project("{2150E333-8FDC-42A3-9474-1A3956D46DE8}") = "Misc", "Misc", "{12ECA54E-00AC-4ACB-9EAE-901F883CC5A0}"
EndProject
Project("{FAE04EC0-301F-11D3-BF4B-00C04F79EFBC}") = "Item Helper", "Pockie Saints Helper Misc\Item Helper\Item Helper.csproj", "{097B067A-4F28-4D35-963C-049FDBD7CF59}"
EndProject
Project("{2150E333-8FDC-42A3-9474-1A3956D46DE8}") = "Misc", "Misc", "{1F9BD269-60F3-4448-9D0C-7E6606D00B2E}"
EndProject
Project("{FAE04EC0-301F-11D3-BF4B-00C04F79EFBC}") = "Far Archive", "Rainbow Saga Helper Misc\Far Archive\Far Archive.csproj", "{5E719260-F534-4F33-B9B7-29996B50E42E}"
EndProject
Project("{FAE04EC0-301F-11D3-BF4B-00C04F79EFBC}") = "FarLib", "Shared Libraries\FarLib\FarLib.csproj", "{4A67A60F-5B0C-4E7B-A1A7-1620FC338A8D}"
EndProject
Project("{FAE04EC0-301F-11D3-BF4B-00C04F79EFBC}") = "RainbowServer", "Rainbow Saga Private Server\RainbowSagaServer\RainbowServer.csproj", "{A45C0D7D-BBCE-48FA-A817-25B90BBF8060}"
EndProject
Project("{FAE04EC0-301F-11D3-BF4B-00C04F79EFBC}") = "Blib2", "Shared Libraries\Blib2\Blib2.csproj", "{5FB99745-BBE3-4E32-BB8D-11174042B41D}"
EndProject
Global
	GlobalSection(SolutionConfigurationPlatforms) = preSolution
		CoreOnly|Any CPU = CoreOnly|Any CPU
		Debug|Any CPU = Debug|Any CPU
		iOS|Any CPU = iOS|Any CPU
		Net20|Any CPU = Net20|Any CPU
		Profile|Any CPU = Profile|Any CPU
		Release|Any CPU = Release|Any CPU
		Silverlight2|Any CPU = Silverlight2|Any CPU
		Unity|Any CPU = Unity|Any CPU
	EndGlobalSection
	GlobalSection(ProjectConfigurationPlatforms) = postSolution
		{242E91C8-0D7C-4A01-8BF5-C4E1F73ED1F6}.CoreOnly|Any CPU.ActiveCfg = Debug|Any CPU
		{242E91C8-0D7C-4A01-8BF5-C4E1F73ED1F6}.CoreOnly|Any CPU.Build.0 = Debug|Any CPU
		{242E91C8-0D7C-4A01-8BF5-C4E1F73ED1F6}.Debug|Any CPU.ActiveCfg = Debug|Any CPU
		{242E91C8-0D7C-4A01-8BF5-C4E1F73ED1F6}.Debug|Any CPU.Build.0 = Debug|Any CPU
		{242E91C8-0D7C-4A01-8BF5-C4E1F73ED1F6}.iOS|Any CPU.ActiveCfg = Debug|Any CPU
		{242E91C8-0D7C-4A01-8BF5-C4E1F73ED1F6}.iOS|Any CPU.Build.0 = Debug|Any CPU
		{242E91C8-0D7C-4A01-8BF5-C4E1F73ED1F6}.Net20|Any CPU.ActiveCfg = Debug|Any CPU
		{242E91C8-0D7C-4A01-8BF5-C4E1F73ED1F6}.Net20|Any CPU.Build.0 = Debug|Any CPU
		{242E91C8-0D7C-4A01-8BF5-C4E1F73ED1F6}.Profile|Any CPU.ActiveCfg = Debug|Any CPU
		{242E91C8-0D7C-4A01-8BF5-C4E1F73ED1F6}.Profile|Any CPU.Build.0 = Debug|Any CPU
		{242E91C8-0D7C-4A01-8BF5-C4E1F73ED1F6}.Release|Any CPU.ActiveCfg = Release|Any CPU
		{242E91C8-0D7C-4A01-8BF5-C4E1F73ED1F6}.Release|Any CPU.Build.0 = Release|Any CPU
		{242E91C8-0D7C-4A01-8BF5-C4E1F73ED1F6}.Silverlight2|Any CPU.ActiveCfg = Debug|Any CPU
		{242E91C8-0D7C-4A01-8BF5-C4E1F73ED1F6}.Silverlight2|Any CPU.Build.0 = Debug|Any CPU
		{242E91C8-0D7C-4A01-8BF5-C4E1F73ED1F6}.Unity|Any CPU.ActiveCfg = Debug|Any CPU
		{242E91C8-0D7C-4A01-8BF5-C4E1F73ED1F6}.Unity|Any CPU.Build.0 = Debug|Any CPU
		{4457F15E-E3C6-4B6A-A457-A7A8970CF9FE}.CoreOnly|Any CPU.ActiveCfg = Debug|Any CPU
		{4457F15E-E3C6-4B6A-A457-A7A8970CF9FE}.CoreOnly|Any CPU.Build.0 = Debug|Any CPU
		{4457F15E-E3C6-4B6A-A457-A7A8970CF9FE}.Debug|Any CPU.ActiveCfg = Debug|Any CPU
		{4457F15E-E3C6-4B6A-A457-A7A8970CF9FE}.Debug|Any CPU.Build.0 = Debug|Any CPU
		{4457F15E-E3C6-4B6A-A457-A7A8970CF9FE}.iOS|Any CPU.ActiveCfg = Debug|Any CPU
		{4457F15E-E3C6-4B6A-A457-A7A8970CF9FE}.iOS|Any CPU.Build.0 = Debug|Any CPU
		{4457F15E-E3C6-4B6A-A457-A7A8970CF9FE}.Net20|Any CPU.ActiveCfg = Debug|Any CPU
		{4457F15E-E3C6-4B6A-A457-A7A8970CF9FE}.Net20|Any CPU.Build.0 = Debug|Any CPU
		{4457F15E-E3C6-4B6A-A457-A7A8970CF9FE}.Profile|Any CPU.ActiveCfg = Debug|Any CPU
		{4457F15E-E3C6-4B6A-A457-A7A8970CF9FE}.Profile|Any CPU.Build.0 = Debug|Any CPU
		{4457F15E-E3C6-4B6A-A457-A7A8970CF9FE}.Release|Any CPU.ActiveCfg = Release|Any CPU
		{4457F15E-E3C6-4B6A-A457-A7A8970CF9FE}.Release|Any CPU.Build.0 = Release|Any CPU
		{4457F15E-E3C6-4B6A-A457-A7A8970CF9FE}.Silverlight2|Any CPU.ActiveCfg = Debug|Any CPU
		{4457F15E-E3C6-4B6A-A457-A7A8970CF9FE}.Silverlight2|Any CPU.Build.0 = Debug|Any CPU
		{4457F15E-E3C6-4B6A-A457-A7A8970CF9FE}.Unity|Any CPU.ActiveCfg = Debug|Any CPU
		{4457F15E-E3C6-4B6A-A457-A7A8970CF9FE}.Unity|Any CPU.Build.0 = Debug|Any CPU
		{8374E4D7-2A91-48F1-9360-09B09CF27C3F}.CoreOnly|Any CPU.ActiveCfg = CoreOnly|Any CPU
		{8374E4D7-2A91-48F1-9360-09B09CF27C3F}.CoreOnly|Any CPU.Build.0 = CoreOnly|Any CPU
		{8374E4D7-2A91-48F1-9360-09B09CF27C3F}.Debug|Any CPU.ActiveCfg = Debug|Any CPU
		{8374E4D7-2A91-48F1-9360-09B09CF27C3F}.Debug|Any CPU.Build.0 = Debug|Any CPU
		{8374E4D7-2A91-48F1-9360-09B09CF27C3F}.iOS|Any CPU.ActiveCfg = iOS|Any CPU
		{8374E4D7-2A91-48F1-9360-09B09CF27C3F}.iOS|Any CPU.Build.0 = iOS|Any CPU
		{8374E4D7-2A91-48F1-9360-09B09CF27C3F}.Net20|Any CPU.ActiveCfg = Net20|Any CPU
		{8374E4D7-2A91-48F1-9360-09B09CF27C3F}.Net20|Any CPU.Build.0 = Net20|Any CPU
		{8374E4D7-2A91-48F1-9360-09B09CF27C3F}.Profile|Any CPU.ActiveCfg = Profile|Any CPU
		{8374E4D7-2A91-48F1-9360-09B09CF27C3F}.Profile|Any CPU.Build.0 = Profile|Any CPU
		{8374E4D7-2A91-48F1-9360-09B09CF27C3F}.Release|Any CPU.ActiveCfg = Release|Any CPU
		{8374E4D7-2A91-48F1-9360-09B09CF27C3F}.Release|Any CPU.Build.0 = Release|Any CPU
		{8374E4D7-2A91-48F1-9360-09B09CF27C3F}.Silverlight2|Any CPU.ActiveCfg = Silverlight2|Any CPU
		{8374E4D7-2A91-48F1-9360-09B09CF27C3F}.Silverlight2|Any CPU.Build.0 = Silverlight2|Any CPU
		{8374E4D7-2A91-48F1-9360-09B09CF27C3F}.Unity|Any CPU.ActiveCfg = Unity|Any CPU
		{8374E4D7-2A91-48F1-9360-09B09CF27C3F}.Unity|Any CPU.Build.0 = Unity|Any CPU
		{38917167-3BDD-4EDA-9814-C32E14466ECB}.CoreOnly|Any CPU.ActiveCfg = Debug|Any CPU
		{38917167-3BDD-4EDA-9814-C32E14466ECB}.CoreOnly|Any CPU.Build.0 = Debug|Any CPU
		{38917167-3BDD-4EDA-9814-C32E14466ECB}.Debug|Any CPU.ActiveCfg = Debug|Any CPU
		{38917167-3BDD-4EDA-9814-C32E14466ECB}.Debug|Any CPU.Build.0 = Debug|Any CPU
		{38917167-3BDD-4EDA-9814-C32E14466ECB}.iOS|Any CPU.ActiveCfg = Debug|Any CPU
		{38917167-3BDD-4EDA-9814-C32E14466ECB}.iOS|Any CPU.Build.0 = Debug|Any CPU
		{38917167-3BDD-4EDA-9814-C32E14466ECB}.Net20|Any CPU.ActiveCfg = Debug|Any CPU
		{38917167-3BDD-4EDA-9814-C32E14466ECB}.Net20|Any CPU.Build.0 = Debug|Any CPU
		{38917167-3BDD-4EDA-9814-C32E14466ECB}.Profile|Any CPU.ActiveCfg = Debug|Any CPU
		{38917167-3BDD-4EDA-9814-C32E14466ECB}.Profile|Any CPU.Build.0 = Debug|Any CPU
		{38917167-3BDD-4EDA-9814-C32E14466ECB}.Release|Any CPU.ActiveCfg = Release|Any CPU
		{38917167-3BDD-4EDA-9814-C32E14466ECB}.Release|Any CPU.Build.0 = Release|Any CPU
		{38917167-3BDD-4EDA-9814-C32E14466ECB}.Silverlight2|Any CPU.ActiveCfg = Debug|Any CPU
		{38917167-3BDD-4EDA-9814-C32E14466ECB}.Silverlight2|Any CPU.Build.0 = Debug|Any CPU
		{38917167-3BDD-4EDA-9814-C32E14466ECB}.Unity|Any CPU.ActiveCfg = Debug|Any CPU
		{38917167-3BDD-4EDA-9814-C32E14466ECB}.Unity|Any CPU.Build.0 = Debug|Any CPU
		{59C1C6C9-285A-4646-BB9A-252FDCBB8D2B}.CoreOnly|Any CPU.ActiveCfg = Debug|Any CPU
		{59C1C6C9-285A-4646-BB9A-252FDCBB8D2B}.CoreOnly|Any CPU.Build.0 = Debug|Any CPU
		{59C1C6C9-285A-4646-BB9A-252FDCBB8D2B}.Debug|Any CPU.ActiveCfg = Debug|Any CPU
		{59C1C6C9-285A-4646-BB9A-252FDCBB8D2B}.Debug|Any CPU.Build.0 = Debug|Any CPU
		{59C1C6C9-285A-4646-BB9A-252FDCBB8D2B}.iOS|Any CPU.ActiveCfg = Debug|Any CPU
		{59C1C6C9-285A-4646-BB9A-252FDCBB8D2B}.iOS|Any CPU.Build.0 = Debug|Any CPU
		{59C1C6C9-285A-4646-BB9A-252FDCBB8D2B}.Net20|Any CPU.ActiveCfg = Debug|Any CPU
		{59C1C6C9-285A-4646-BB9A-252FDCBB8D2B}.Net20|Any CPU.Build.0 = Debug|Any CPU
		{59C1C6C9-285A-4646-BB9A-252FDCBB8D2B}.Profile|Any CPU.ActiveCfg = Debug|Any CPU
		{59C1C6C9-285A-4646-BB9A-252FDCBB8D2B}.Profile|Any CPU.Build.0 = Debug|Any CPU
		{59C1C6C9-285A-4646-BB9A-252FDCBB8D2B}.Release|Any CPU.ActiveCfg = Release|Any CPU
		{59C1C6C9-285A-4646-BB9A-252FDCBB8D2B}.Release|Any CPU.Build.0 = Release|Any CPU
		{59C1C6C9-285A-4646-BB9A-252FDCBB8D2B}.Silverlight2|Any CPU.ActiveCfg = Debug|Any CPU
		{59C1C6C9-285A-4646-BB9A-252FDCBB8D2B}.Silverlight2|Any CPU.Build.0 = Debug|Any CPU
		{59C1C6C9-285A-4646-BB9A-252FDCBB8D2B}.Unity|Any CPU.ActiveCfg = Debug|Any CPU
		{59C1C6C9-285A-4646-BB9A-252FDCBB8D2B}.Unity|Any CPU.Build.0 = Debug|Any CPU
		{1AB73D98-2B3C-4E44-920C-D960116C34EC}.CoreOnly|Any CPU.ActiveCfg = Debug|Any CPU
		{1AB73D98-2B3C-4E44-920C-D960116C34EC}.CoreOnly|Any CPU.Build.0 = Debug|Any CPU
		{1AB73D98-2B3C-4E44-920C-D960116C34EC}.Debug|Any CPU.ActiveCfg = Debug|Any CPU
		{1AB73D98-2B3C-4E44-920C-D960116C34EC}.Debug|Any CPU.Build.0 = Debug|Any CPU
		{1AB73D98-2B3C-4E44-920C-D960116C34EC}.iOS|Any CPU.ActiveCfg = Debug|Any CPU
		{1AB73D98-2B3C-4E44-920C-D960116C34EC}.iOS|Any CPU.Build.0 = Debug|Any CPU
		{1AB73D98-2B3C-4E44-920C-D960116C34EC}.Net20|Any CPU.ActiveCfg = Debug|Any CPU
		{1AB73D98-2B3C-4E44-920C-D960116C34EC}.Net20|Any CPU.Build.0 = Debug|Any CPU
		{1AB73D98-2B3C-4E44-920C-D960116C34EC}.Profile|Any CPU.ActiveCfg = Debug|Any CPU
		{1AB73D98-2B3C-4E44-920C-D960116C34EC}.Profile|Any CPU.Build.0 = Debug|Any CPU
		{1AB73D98-2B3C-4E44-920C-D960116C34EC}.Release|Any CPU.ActiveCfg = Release|Any CPU
		{1AB73D98-2B3C-4E44-920C-D960116C34EC}.Release|Any CPU.Build.0 = Release|Any CPU
		{1AB73D98-2B3C-4E44-920C-D960116C34EC}.Silverlight2|Any CPU.ActiveCfg = Debug|Any CPU
		{1AB73D98-2B3C-4E44-920C-D960116C34EC}.Silverlight2|Any CPU.Build.0 = Debug|Any CPU
		{1AB73D98-2B3C-4E44-920C-D960116C34EC}.Unity|Any CPU.ActiveCfg = Debug|Any CPU
		{1AB73D98-2B3C-4E44-920C-D960116C34EC}.Unity|Any CPU.Build.0 = Debug|Any CPU
		{CAAB0E2B-8D88-48A3-B7F4-61B96A8695B3}.CoreOnly|Any CPU.ActiveCfg = Debug|Any CPU
		{CAAB0E2B-8D88-48A3-B7F4-61B96A8695B3}.CoreOnly|Any CPU.Build.0 = Debug|Any CPU
		{CAAB0E2B-8D88-48A3-B7F4-61B96A8695B3}.Debug|Any CPU.ActiveCfg = Debug|Any CPU
		{CAAB0E2B-8D88-48A3-B7F4-61B96A8695B3}.Debug|Any CPU.Build.0 = Debug|Any CPU
		{CAAB0E2B-8D88-48A3-B7F4-61B96A8695B3}.iOS|Any CPU.ActiveCfg = Debug|Any CPU
		{CAAB0E2B-8D88-48A3-B7F4-61B96A8695B3}.iOS|Any CPU.Build.0 = Debug|Any CPU
		{CAAB0E2B-8D88-48A3-B7F4-61B96A8695B3}.Net20|Any CPU.ActiveCfg = Debug|Any CPU
		{CAAB0E2B-8D88-48A3-B7F4-61B96A8695B3}.Net20|Any CPU.Build.0 = Debug|Any CPU
		{CAAB0E2B-8D88-48A3-B7F4-61B96A8695B3}.Profile|Any CPU.ActiveCfg = Debug|Any CPU
		{CAAB0E2B-8D88-48A3-B7F4-61B96A8695B3}.Profile|Any CPU.Build.0 = Debug|Any CPU
		{CAAB0E2B-8D88-48A3-B7F4-61B96A8695B3}.Release|Any CPU.ActiveCfg = Release|Any CPU
		{CAAB0E2B-8D88-48A3-B7F4-61B96A8695B3}.Release|Any CPU.Build.0 = Release|Any CPU
		{CAAB0E2B-8D88-48A3-B7F4-61B96A8695B3}.Silverlight2|Any CPU.ActiveCfg = Debug|Any CPU
		{CAAB0E2B-8D88-48A3-B7F4-61B96A8695B3}.Silverlight2|Any CPU.Build.0 = Debug|Any CPU
		{CAAB0E2B-8D88-48A3-B7F4-61B96A8695B3}.Unity|Any CPU.ActiveCfg = Debug|Any CPU
		{CAAB0E2B-8D88-48A3-B7F4-61B96A8695B3}.Unity|Any CPU.Build.0 = Debug|Any CPU
		{097B067A-4F28-4D35-963C-049FDBD7CF59}.CoreOnly|Any CPU.ActiveCfg = Debug|Any CPU
		{097B067A-4F28-4D35-963C-049FDBD7CF59}.CoreOnly|Any CPU.Build.0 = Debug|Any CPU
		{097B067A-4F28-4D35-963C-049FDBD7CF59}.Debug|Any CPU.ActiveCfg = Debug|Any CPU
		{097B067A-4F28-4D35-963C-049FDBD7CF59}.Debug|Any CPU.Build.0 = Debug|Any CPU
		{097B067A-4F28-4D35-963C-049FDBD7CF59}.iOS|Any CPU.ActiveCfg = Debug|Any CPU
		{097B067A-4F28-4D35-963C-049FDBD7CF59}.iOS|Any CPU.Build.0 = Debug|Any CPU
		{097B067A-4F28-4D35-963C-049FDBD7CF59}.Net20|Any CPU.ActiveCfg = Debug|Any CPU
		{097B067A-4F28-4D35-963C-049FDBD7CF59}.Net20|Any CPU.Build.0 = Debug|Any CPU
		{097B067A-4F28-4D35-963C-049FDBD7CF59}.Profile|Any CPU.ActiveCfg = Debug|Any CPU
		{097B067A-4F28-4D35-963C-049FDBD7CF59}.Profile|Any CPU.Build.0 = Debug|Any CPU
		{097B067A-4F28-4D35-963C-049FDBD7CF59}.Release|Any CPU.ActiveCfg = Release|Any CPU
		{097B067A-4F28-4D35-963C-049FDBD7CF59}.Release|Any CPU.Build.0 = Release|Any CPU
		{097B067A-4F28-4D35-963C-049FDBD7CF59}.Silverlight2|Any CPU.ActiveCfg = Debug|Any CPU
		{097B067A-4F28-4D35-963C-049FDBD7CF59}.Silverlight2|Any CPU.Build.0 = Debug|Any CPU
		{097B067A-4F28-4D35-963C-049FDBD7CF59}.Unity|Any CPU.ActiveCfg = Debug|Any CPU
		{097B067A-4F28-4D35-963C-049FDBD7CF59}.Unity|Any CPU.Build.0 = Debug|Any CPU
		{5E719260-F534-4F33-B9B7-29996B50E42E}.CoreOnly|Any CPU.ActiveCfg = Debug|Any CPU
		{5E719260-F534-4F33-B9B7-29996B50E42E}.CoreOnly|Any CPU.Build.0 = Debug|Any CPU
		{5E719260-F534-4F33-B9B7-29996B50E42E}.Debug|Any CPU.ActiveCfg = Debug|Any CPU
		{5E719260-F534-4F33-B9B7-29996B50E42E}.Debug|Any CPU.Build.0 = Debug|Any CPU
		{5E719260-F534-4F33-B9B7-29996B50E42E}.iOS|Any CPU.ActiveCfg = Debug|Any CPU
		{5E719260-F534-4F33-B9B7-29996B50E42E}.iOS|Any CPU.Build.0 = Debug|Any CPU
		{5E719260-F534-4F33-B9B7-29996B50E42E}.Net20|Any CPU.ActiveCfg = Debug|Any CPU
		{5E719260-F534-4F33-B9B7-29996B50E42E}.Net20|Any CPU.Build.0 = Debug|Any CPU
		{5E719260-F534-4F33-B9B7-29996B50E42E}.Profile|Any CPU.ActiveCfg = Debug|Any CPU
		{5E719260-F534-4F33-B9B7-29996B50E42E}.Profile|Any CPU.Build.0 = Debug|Any CPU
		{5E719260-F534-4F33-B9B7-29996B50E42E}.Release|Any CPU.ActiveCfg = Release|Any CPU
		{5E719260-F534-4F33-B9B7-29996B50E42E}.Release|Any CPU.Build.0 = Release|Any CPU
		{5E719260-F534-4F33-B9B7-29996B50E42E}.Silverlight2|Any CPU.ActiveCfg = Debug|Any CPU
		{5E719260-F534-4F33-B9B7-29996B50E42E}.Silverlight2|Any CPU.Build.0 = Debug|Any CPU
		{5E719260-F534-4F33-B9B7-29996B50E42E}.Unity|Any CPU.ActiveCfg = Debug|Any CPU
		{5E719260-F534-4F33-B9B7-29996B50E42E}.Unity|Any CPU.Build.0 = Debug|Any CPU
		{4A67A60F-5B0C-4E7B-A1A7-1620FC338A8D}.CoreOnly|Any CPU.ActiveCfg = Debug|Any CPU
		{4A67A60F-5B0C-4E7B-A1A7-1620FC338A8D}.CoreOnly|Any CPU.Build.0 = Debug|Any CPU
		{4A67A60F-5B0C-4E7B-A1A7-1620FC338A8D}.Debug|Any CPU.ActiveCfg = Debug|Any CPU
		{4A67A60F-5B0C-4E7B-A1A7-1620FC338A8D}.Debug|Any CPU.Build.0 = Debug|Any CPU
		{4A67A60F-5B0C-4E7B-A1A7-1620FC338A8D}.iOS|Any CPU.ActiveCfg = Debug|Any CPU
		{4A67A60F-5B0C-4E7B-A1A7-1620FC338A8D}.iOS|Any CPU.Build.0 = Debug|Any CPU
		{4A67A60F-5B0C-4E7B-A1A7-1620FC338A8D}.Net20|Any CPU.ActiveCfg = Debug|Any CPU
		{4A67A60F-5B0C-4E7B-A1A7-1620FC338A8D}.Net20|Any CPU.Build.0 = Debug|Any CPU
		{4A67A60F-5B0C-4E7B-A1A7-1620FC338A8D}.Profile|Any CPU.ActiveCfg = Debug|Any CPU
		{4A67A60F-5B0C-4E7B-A1A7-1620FC338A8D}.Profile|Any CPU.Build.0 = Debug|Any CPU
		{4A67A60F-5B0C-4E7B-A1A7-1620FC338A8D}.Release|Any CPU.ActiveCfg = Release|Any CPU
		{4A67A60F-5B0C-4E7B-A1A7-1620FC338A8D}.Release|Any CPU.Build.0 = Release|Any CPU
		{4A67A60F-5B0C-4E7B-A1A7-1620FC338A8D}.Silverlight2|Any CPU.ActiveCfg = Debug|Any CPU
		{4A67A60F-5B0C-4E7B-A1A7-1620FC338A8D}.Silverlight2|Any CPU.Build.0 = Debug|Any CPU
		{4A67A60F-5B0C-4E7B-A1A7-1620FC338A8D}.Unity|Any CPU.ActiveCfg = Debug|Any CPU
		{4A67A60F-5B0C-4E7B-A1A7-1620FC338A8D}.Unity|Any CPU.Build.0 = Debug|Any CPU
		{A45C0D7D-BBCE-48FA-A817-25B90BBF8060}.CoreOnly|Any CPU.ActiveCfg = Debug|Any CPU
		{A45C0D7D-BBCE-48FA-A817-25B90BBF8060}.CoreOnly|Any CPU.Build.0 = Debug|Any CPU
		{A45C0D7D-BBCE-48FA-A817-25B90BBF8060}.Debug|Any CPU.ActiveCfg = Debug|Any CPU
		{A45C0D7D-BBCE-48FA-A817-25B90BBF8060}.Debug|Any CPU.Build.0 = Debug|Any CPU
		{A45C0D7D-BBCE-48FA-A817-25B90BBF8060}.iOS|Any CPU.ActiveCfg = Debug|Any CPU
		{A45C0D7D-BBCE-48FA-A817-25B90BBF8060}.iOS|Any CPU.Build.0 = Debug|Any CPU
		{A45C0D7D-BBCE-48FA-A817-25B90BBF8060}.Net20|Any CPU.ActiveCfg = Debug|Any CPU
		{A45C0D7D-BBCE-48FA-A817-25B90BBF8060}.Net20|Any CPU.Build.0 = Debug|Any CPU
		{A45C0D7D-BBCE-48FA-A817-25B90BBF8060}.Profile|Any CPU.ActiveCfg = Debug|Any CPU
		{A45C0D7D-BBCE-48FA-A817-25B90BBF8060}.Profile|Any CPU.Build.0 = Debug|Any CPU
		{A45C0D7D-BBCE-48FA-A817-25B90BBF8060}.Release|Any CPU.ActiveCfg = Release|Any CPU
		{A45C0D7D-BBCE-48FA-A817-25B90BBF8060}.Release|Any CPU.Build.0 = Release|Any CPU
		{A45C0D7D-BBCE-48FA-A817-25B90BBF8060}.Silverlight2|Any CPU.ActiveCfg = Debug|Any CPU
		{A45C0D7D-BBCE-48FA-A817-25B90BBF8060}.Silverlight2|Any CPU.Build.0 = Debug|Any CPU
		{A45C0D7D-BBCE-48FA-A817-25B90BBF8060}.Unity|Any CPU.ActiveCfg = Debug|Any CPU
		{A45C0D7D-BBCE-48FA-A817-25B90BBF8060}.Unity|Any CPU.Build.0 = Debug|Any CPU
		{5FB99745-BBE3-4E32-BB8D-11174042B41D}.CoreOnly|Any CPU.ActiveCfg = Debug|Any CPU
		{5FB99745-BBE3-4E32-BB8D-11174042B41D}.CoreOnly|Any CPU.Build.0 = Debug|Any CPU
		{5FB99745-BBE3-4E32-BB8D-11174042B41D}.Debug|Any CPU.ActiveCfg = Debug|Any CPU
		{5FB99745-BBE3-4E32-BB8D-11174042B41D}.Debug|Any CPU.Build.0 = Debug|Any CPU
		{5FB99745-BBE3-4E32-BB8D-11174042B41D}.iOS|Any CPU.ActiveCfg = Debug|Any CPU
		{5FB99745-BBE3-4E32-BB8D-11174042B41D}.iOS|Any CPU.Build.0 = Debug|Any CPU
		{5FB99745-BBE3-4E32-BB8D-11174042B41D}.Net20|Any CPU.ActiveCfg = Debug|Any CPU
		{5FB99745-BBE3-4E32-BB8D-11174042B41D}.Net20|Any CPU.Build.0 = Debug|Any CPU
		{5FB99745-BBE3-4E32-BB8D-11174042B41D}.Profile|Any CPU.ActiveCfg = Debug|Any CPU
		{5FB99745-BBE3-4E32-BB8D-11174042B41D}.Profile|Any CPU.Build.0 = Debug|Any CPU
		{5FB99745-BBE3-4E32-BB8D-11174042B41D}.Release|Any CPU.ActiveCfg = Release|Any CPU
		{5FB99745-BBE3-4E32-BB8D-11174042B41D}.Release|Any CPU.Build.0 = Release|Any CPU
		{5FB99745-BBE3-4E32-BB8D-11174042B41D}.Silverlight2|Any CPU.ActiveCfg = Debug|Any CPU
		{5FB99745-BBE3-4E32-BB8D-11174042B41D}.Silverlight2|Any CPU.Build.0 = Debug|Any CPU
		{5FB99745-BBE3-4E32-BB8D-11174042B41D}.Unity|Any CPU.ActiveCfg = Debug|Any CPU
		{5FB99745-BBE3-4E32-BB8D-11174042B41D}.Unity|Any CPU.Build.0 = Debug|Any CPU
	EndGlobalSection
	GlobalSection(SolutionProperties) = preSolution
		HideSolutionNode = FALSE
	EndGlobalSection
	GlobalSection(NestedProjects) = preSolution
		{242E91C8-0D7C-4A01-8BF5-C4E1F73ED1F6} = {E1FB1B89-1695-4804-9AA8-76DF45E97E83}
		{4457F15E-E3C6-4B6A-A457-A7A8970CF9FE} = {0E0FDA40-A50C-416C-8CB7-D2157D54EEE5}
		{8374E4D7-2A91-48F1-9360-09B09CF27C3F} = {AE81BD17-C9D2-444F-8600-CB04B25D6495}
		{38917167-3BDD-4EDA-9814-C32E14466ECB} = {E1FB1B89-1695-4804-9AA8-76DF45E97E83}
		{59C1C6C9-285A-4646-BB9A-252FDCBB8D2B} = {0E0FDA40-A50C-416C-8CB7-D2157D54EEE5}
		{1AB73D98-2B3C-4E44-920C-D960116C34EC} = {0E0FDA40-A50C-416C-8CB7-D2157D54EEE5}
		{CAAB0E2B-8D88-48A3-B7F4-61B96A8695B3} = {E1FB1B89-1695-4804-9AA8-76DF45E97E83}
		{12ECA54E-00AC-4ACB-9EAE-901F883CC5A0} = {E1FB1B89-1695-4804-9AA8-76DF45E97E83}
		{097B067A-4F28-4D35-963C-049FDBD7CF59} = {12ECA54E-00AC-4ACB-9EAE-901F883CC5A0}
		{1F9BD269-60F3-4448-9D0C-7E6606D00B2E} = {BA646C6F-7F21-45F1-A2CE-E95F2804F196}
		{5E719260-F534-4F33-B9B7-29996B50E42E} = {1F9BD269-60F3-4448-9D0C-7E6606D00B2E}
		{4A67A60F-5B0C-4E7B-A1A7-1620FC338A8D} = {0E0FDA40-A50C-416C-8CB7-D2157D54EEE5}
		{A45C0D7D-BBCE-48FA-A817-25B90BBF8060} = {BA646C6F-7F21-45F1-A2CE-E95F2804F196}
		{5FB99745-BBE3-4E32-BB8D-11174042B41D} = {0E0FDA40-A50C-416C-8CB7-D2157D54EEE5}
	EndGlobalSection
	GlobalSection(ExtensibilityGlobals) = postSolution
		SolutionGuid = {5A41E9B8-6BA7-4124-B085-0E066DC1AD53}
	EndGlobalSection
EndGlobal
